Microsoft Visual Studio Solution File, Format Version 12.00
# Visual Studio Version 16
VisualStudioVersion = 16.0.31005.135
MinimumVisualStudioVersion = 10.0.40219.1
Project("{FAE04EC0-301F-11D3-BF4B-00C04F79EFBC}") = "RockPaperScissors", "RockPaperScissors.csproj", "{E555CE25-B18E-47E1-9429-758E60190990}"
EndProject
Global
	GlobalSection(SolutionConfigurationPlatforms) = preSolution
		Debug|x86 = Debug|x86
		Release|x86 = Release|x86
	EndGlobalSection
	GlobalSection(ProjectConfigurationPlatforms) = postSolution
		{E555CE25-B18E-47E1-9429-758E60190990}.Debug|x86.ActiveCfg = Debug|x86
		{E555CE25-B18E-47E1-9429-758E60190990}.Debug|x86.Build.0 = Debug|x86
		{E555CE25-B18E-47E1-9429-758E60190990}.Release|x86.ActiveCfg = Release|x86
		{E555CE25-B18E-47E1-9429-758E60190990}.Release|x86.Build.0 = Release|x86
	EndGlobalSection
	GlobalSection(SolutionProperties) = preSolution
		HideSolutionNode = FALSE
	EndGlobalSection
	GlobalSection(ExtensibilityGlobals) = postSolution
		SolutionGuid = {D4511031-4F11-4E13-BDEB-3BB876F621F5}
	EndGlobalSection
EndGlobal
